// !$*UTF8*$!
{
	archiveVersion = 1;
	classes = {
	};
	objectVersion = 46;
	objects = {

/* Begin PBXBuildFile section */
		138DD6201E2B6E5200CC4B1C /* AppDelegate.swift in Sources */ = {isa = PBXBuildFile; fileRef = 138DD61F1E2B6E5200CC4B1C /* AppDelegate.swift */; };
		138DD6221E2B6E5200CC4B1C /* ViewController.swift in Sources */ = {isa = PBXBuildFile; fileRef = 138DD6211E2B6E5200CC4B1C /* ViewController.swift */; };
		138DD6251E2B6E5200CC4B1C /* Main.storyboard in Resources */ = {isa = PBXBuildFile; fileRef = 138DD6231E2B6E5200CC4B1C /* Main.storyboard */; };
		138DD6271E2B6E5200CC4B1C /* Assets.xcassets in Resources */ = {isa = PBXBuildFile; fileRef = 138DD6261E2B6E5200CC4B1C /* Assets.xcassets */; };
		138DD62A1E2B6E5200CC4B1C /* LaunchScreen.storyboard in Resources */ = {isa = PBXBuildFile; fileRef = 138DD6281E2B6E5200CC4B1C /* LaunchScreen.storyboard */; };
/* End PBXBuildFile section */

/* Begin PBXFileReference section */
		138DD61C1E2B6E5200CC4B1C /* stackViewTest.app */ = {isa = PBXFileReference; explicitFileType = wrapper.application; includeInIndex = 0; path = stackViewTest.app; sourceTree = BUILT_PRODUCTS_DIR; };
		138DD61F1E2B6E5200CC4B1C /* AppDelegate.swift */ = {isa = PBXFileReference; lastKnownFileType = sourcecode.swift; path = AppDelegate.swift; sourceTree = "<group>"; };
		138DD6211E2B6E5200CC4B1C /* ViewController.swift */ = {isa = PBXFileReference; lastKnownFileType = sourcecode.swift; path = ViewController.swift; sourceTree = "<group>"; };
		138DD6241E2B6E5200CC4B1C /* Base */ = {isa = PBXFileReference; lastKnownFileType = file.storyboard; name = Base; path = Base.lproj/Main.storyboard; sourceTree = "<group>"; };
		138DD6261E2B6E5200CC4B1C /* Assets.xcassets */ = {isa = PBXFileReference; lastKnownFileType = folder.assetcatalog; path = Assets.xcassets; sourceTree = "<group>"; };
		138DD6291E2B6E5200CC4B1C /* Base */ = {isa = PBXFileReference; lastKnownFileType = file.storyboard; name = Base; path = Base.lproj/LaunchScreen.storyboard; sourceTree = "<group>"; };
		138DD62B1E2B6E5200CC4B1C /* Info.plist */ = {isa = PBXFileReference; lastKnownFileType = text.plist.xml; path = Info.plist; sourceTree = "<group>"; };
/* End PBXFileReference section */

/* Begin PBXFrameworksBuildPhase section */
		138DD6191E2B6E5200CC4B1C /* Frameworks */ = {
			isa = PBXFrameworksBuildPhase;
			buildActionMask = 2147483647;
			files = (
			);
			runOnlyForDeploymentPostprocessing = 0;
		};
/* End PBXFrameworksBuildPhase section */

/* Begin PBXGroup section */
		138DD6131E2B6E5200CC4B1C = {
			isa = PBXGroup;
			children = (
				138DD61E1E2B6E5200CC4B1C /* stackViewTest */,
				138DD61D1E2B6E5200CC4B1C /* Products */,
			);
			sourceTree = "<group>";
		};
		138DD61D1E2B6E5200CC4B1C /* Products */ = {
			isa = PBXGroup;
			children = (
				138DD61C1E2B6E5200CC4B1C /* stackViewTest.app */,
			);
			name = Products;
			sourceTree = "<group>";
		};
		138DD61E1E2B6E5200CC4B1C /* stackViewTest */ = {
			isa = PBXGroup;
			children = (
				138DD61F1E2B6E5200CC4B1C /* AppDelegate.swift */,
				138DD6211E2B6E5200CC4B1C /* ViewController.swift */,
				138DD6231E2B6E5200CC4B1C /* Main.storyboard */,
				138DD6261E2B6E5200CC4B1C /* Assets.xcassets */,
				138DD6281E2B6E5200CC4B1C /* LaunchScreen.storyboard */,
				138DD62B1E2B6E5200CC4B1C /* Info.plist */,
			);
			path = stackViewTest;
			sourceTree = "<group>";
		};
/* End PBXGroup section */

/* Begin PBXNativeTarget section */
		138DD61B1E2B6E5200CC4B1C /* stackViewTest */ = {
			isa = PBXNativeTarget;
			buildConfigurationList = 138DD62E1E2B6E5200CC4B1C /* Build configuration list for PBXNativeTarget "stackViewTest" */;
			buildPhases = (
				138DD6181E2B6E5200CC4B1C /* Sources */,
				138DD6191E2B6E5200CC4B1C /* Frameworks */,
				138DD61A1E2B6E5200CC4B1C /* Resources */,
			);
			buildRules = (
			);
			dependencies = (
			);
			name = stackViewTest;
			productName = stackViewTest;
			productReference = 138DD61C1E2B6E5200CC4B1C /* stackViewTest.app */;
			productType = "com.apple.product-type.application";
		};
/* End PBXNativeTarget section */

/* Begin PBXProject section */
		138DD6141E2B6E5200CC4B1C /* Project object */ = {
			isa = PBXProject;
			attributes = {
				LastSwiftUpdateCheck = 0820;
				LastUpgradeCheck = 0820;
				ORGANIZATIONNAME = "AAJM van Montfort";
				TargetAttributes = {
					138DD61B1E2B6E5200CC4B1C = {
						CreatedOnToolsVersion = 8.2.1;
						DevelopmentTeam = M63MTMH786;
						ProvisioningStyle = Automatic;
					};
				};
			};
			buildConfigurationList = 138DD6171E2B6E5200CC4B1C /* Build configuration list for PBXProject "stackViewTest" */;
			compatibilityVersion = "Xcode 3.2";
			developmentRegion = English;
			hasScannedForEncodings = 0;
			knownRegions = (
				en,
				Base,
			);
			mainGroup = 138DD6131E2B6E5200CC4B1C;
			productRefGroup = 138DD61D1E2B6E5200CC4B1C /* Products */;
			projectDirPath = "";
			projectRoot = "";
			targets = (
				138DD61B1E2B6E5200CC4B1C /* stackViewTest */,
			);
		};
/* End PBXProject section */

/* Begin PBXResourcesBuildPhase section */
		138DD61A1E2B6E5200CC4B1C /* Resources */ = {
			isa = PBXResourcesBuildPhase;
			buildActionMask = 2147483647;
			files = (
				138DD62A1E2B6E5200CC4B1C /* LaunchScreen.storyboard in Resources */,
				138DD6271E2B6E5200CC4B1C /* Assets.xcassets in Resources */,
				138DD6251E2B6E5200CC4B1C /* Main.storyboard in Resources */,
			);
			runOnlyForDeploymentPostprocessing = 0;
		};
/* End PBXResourcesBuildPhase section */

/* Begin PBXSourcesBuildPhase section */
		138DD6181E2B6E5200CC4B1C /* Sources */ = {
			isa = PBXSourcesBuildPhase;
			buildActionMask = 2147483647;
			files = (
				138DD6221E2B6E5200CC4B1C /* ViewController.swift in Sources */,
				138DD6201E2B6E5200CC4B1C /* AppDelegate.swift in Sources */,
			);
			runOnlyForDeploymentPostprocessing = 0;
		};
/* End PBXSourcesBuildPhase section */

/* Begin PBXVariantGroup section */
		138DD6231E2B6E5200CC4B1C /* Main.storyboard */ = {
			isa = PBXVariantGroup;
			children = (
				138DD6241E2B6E5200CC4B1C /* Base */,
			);
			name = Main.storyboard;
			sourceTree = "<group>";
		};
		138DD6281E2B6E5200CC4B1C /* LaunchScreen.storyboard */ = {
			isa = PBXVariantGroup;
			children = (
				138DD6291E2B6E5200CC4B1C /* Base */,
			);
			name = LaunchScreen.storyboard;
			sourceTree = "<group>";
		};
/* End PBXVariantGroup section */

/* Begin XCBuildConfiguration section */
		138DD62C1E2B6E5200CC4B1C /* Debug */ = {
			isa = XCBuildConfiguration;
			buildSettings = {
				ALWAYS_SEARCH_USER_PATHS = NO;
				CLANG_ANALYZER_NONNULL = YES;
				CLANG_CXX_LANGUAGE_STANDARD = "gnu++0x";
				CLANG_CXX_LIBRARY = "libc++";
				CLANG_ENABLE_MODULES = YES;
				CLANG_ENABLE_OBJC_ARC = YES;
				CLANG_WARN_BOOL_CONVERSION = YES;
				CLANG_WARN_CONSTANT_CONVERSION = YES;
				CLANG_WARN_DIRECT_OBJC_ISA_USAGE = YES_ERROR;
				CLANG_WARN_DOCUMENTATION_COMMENTS = YES;
				CLANG_WARN_EMPTY_BODY = YES;
				CLANG_WARN_ENUM_CONVERSION = YES;
				CLANG_WARN_INFINITE_RECURSION = YES;
				CLANG_WARN_INT_CONVERSION = YES;
				CLANG_WARN_OBJC_ROOT_CLASS = YES_ERROR;
				CLANG_WARN_SUSPICIOUS_MOVE = YES;
				CLANG_WARN_UNREACHABLE_CODE = YES;
				CLANG_WARN__DUPLICATE_METHOD_MATCH = YES;
				"CODE_SIGN_IDENTITY[sdk=iphoneos*]" = "iPhone Developer";
				COPY_PHASE_STRIP = NO;
				DEBUG_INFORMATION_FORMAT = dwarf;
				ENABLE_STRICT_OBJC_MSGSEND = YES;
				ENABLE_TESTABILITY = YES;
				GCC_C_LANGUAGE_STANDARD = gnu99;
				GCC_DYNAMIC_NO_PIC = NO;
				GCC_NO_COMMON_BLOCKS = YES;
				GCC_OPTIMIZATION_LEVEL = 0;
				GCC_PREPROCESSOR_DEFINITIONS = (
					"DEBUG=1",
					"$(inherited)",
				);
				GCC_WARN_64_TO_32_BIT_CONVERSION = YES;
				GCC_WARN_ABOUT_RETURN_TYPE = YES_ERROR;
				GCC_WARN_UNDECLARED_SELECTOR = YES;
				GCC_WARN_UNINITIALIZED_AUTOS = YES_AGGRESSIVE;
				GCC_WARN_UNUSED_FUNCTION = YES;
				GCC_WARN_UNUSED_VARIABLE = YES;
				IPHONEOS_DEPLOYMENT_TARGET = 10.2;
				MTL_ENABLE_DEBUG_INFO = YES;
				ONLY_ACTIVE_ARCH = YES;
				SDKROOT = iphoneos;
				SWIFT_ACTIVE_COMPILATION_CONDITIONS = DEBUG;
				SWIFT_OPTIMIZATION_LEVEL = "-Onone";
				TARGETED_DEVICE_FAMILY = "1,2";
			};
			name = Debug;
		};
		138DD62D1E2B6E5200CC4B1C /* Release */ = {
			isa = XCBuildConfiguration;
			buildSettings = {
				ALWAYS_SEARCH_USER_PATHS = NO;
				CLANG_ANALYZER_NONNULL = YES;
				CLANG_CXX_LANGUAGE_STANDARD = "gnu++0x";
				CLANG_CXX_LIBRARY = "libc++";
				CLANG_ENABLE_MODULES = YES;
				CLANG_ENABLE_OBJC_ARC = YES;
				CLANG_WARN_BOOL_CONVERSION = YES;
				CLANG_WARN_CONSTANT_CONVERSION = YES;
				CLANG_WARN_DIRECT_OBJC_ISA_USAGE = YES_ERROR;
				CLANG_WARN_DOCUMENTATION_COMMENTS = YES;
				CLANG_WARN_EMPTY_BODY = YES;
				CLANG_WARN_ENUM_CONVERSION = YES;
				CLANG_WARN_INFINITE_RECURSION = YES;
				CLANG_WARN_INT_CONVERSION = YES;
				CLANG_WARN_OBJC_ROOT_CLASS = YES_ERROR;
				CLANG_WARN_SUSPICIOUS_MOVE = YES;
				CLANG_WARN_UNREACHABLE_CODE = YES;
				CLANG_WARN__DUPLICATE_METHOD_MATCH = YES;
				"CODE_SIGN_IDENTITY[sdk=iphoneos*]" = "iPhone Developer";
				COPY_PHASE_STRIP = NO;
				DEBUG_INFORMATION_FORMAT = "dwarf-with-dsym";
				ENABLE_NS_ASSERTIONS = NO;
				ENABLE_STRICT_OBJC_MSGSEND = YES;
				GCC_C_LANGUAGE_STANDARD = gnu99;
				GCC_NO_COMMON_BLOCKS = YES;
				GCC_WARN_64_TO_32_BIT_CONVERSION = YES;
				GCC_WARN_ABOUT_RETURN_TYPE = YES_ERROR;
				GCC_WARN_UNDECLARED_SELECTOR = YES;
				GCC_WARN_UNINITIALIZED_AUTOS = YES_AGGRESSIVE;
				GCC_WARN_UNUSED_FUNCTION = YES;
				GCC_WARN_UNUSED_VARIABLE = YES;
				IPHONEOS_DEPLOYMENT_TARGET = 10.2;
				MTL_ENABLE_DEBUG_INFO = NO;
				SDKROOT = iphoneos;
				SWIFT_OPTIMIZATION_LEVEL = "-Owholemodule";
				TARGETED_DEVICE_FAMILY = "1,2";
				VALIDATE_PRODUCT = YES;
			};
			name = Release;
		};
		138DD62F1E2B6E5200CC4B1C /* Debug */ = {
			isa = XCBuildConfiguration;
			buildSettings = {
				ASSETCATALOG_COMPILER_APPICON_NAME = AppIcon;
				DEVELOPMENT_TEAM = M63MTMH786;
				INFOPLIST_FILE = stackViewTest/Info.plist;
				LD_RUNPATH_SEARCH_PATHS = "$(inherited) @executable_path/Frameworks";
				PRODUCT_BUNDLE_IDENTIFIER = com.loutthuis.stackViewTest;
				PRODUCT_NAME = "$(TARGET_NAME)";
				SWIFT_VERSION = 3.0;
			};
			name = Debug;
		};
		138DD6301E2B6E5200CC4B1C /* Release */ = {
			isa = XCBuildConfiguration;
			buildSettings = {
				ASSETCATALOG_COMPILER_APPICON_NAME = AppIcon;
				DEVELOPMENT_TEAM = M63MTMH786;
				INFOPLIST_FILE = stackViewTest/Info.plist;
				LD_RUNPATH_SEARCH_PATHS = "$(inherited) @executable_path/Frameworks";
				PRODUCT_BUNDLE_IDENTIFIER = com.loutthuis.stackViewTest;
				PRODUCT_NAME = "$(TARGET_NAME)";
				SWIFT_VERSION = 3.0;
			};
			name = Release;
		};
/* End XCBuildConfiguration section */

/* Begin XCConfigurationList section */
		138DD6171E2B6E5200CC4B1C /* Build configuration list for PBXProject "stackViewTest" */ = {
			isa = XCConfigurationList;
			buildConfigurations = (
				138DD62C1E2B6E5200CC4B1C /* Debug */,
				138DD62D1E2B6E5200CC4B1C /* Release */,
			);
			defaultConfigurationIsVisible = 0;
			defaultConfigurationName = Release;
		};
		138DD62E1E2B6E5200CC4B1C /* Build configuration list for PBXNativeTarget "stackViewTest" */ = {
			isa = XCConfigurationList;
			buildConfigurations = (
				138DD62F1E2B6E5200CC4B1C /* Debug */,
				138DD6301E2B6E5200CC4B1C /* Release */,
			);
			defaultConfigurationIsVisible = 0;
		};
/* End XCConfigurationList section */
	};
	rootObject = 138DD6141E2B6E5200CC4B1C /* Project object */;
}
